Microsoft Visual Studio Solution File, Format Version 12.00
# Visual Studio 2012
Project("{FAE04EC0-301F-11D3-BF4B-00C04F79EFBC}") = "horror", "horror.csproj", "{B9517E01-4DEF-4A14-B04B-D6E9E9175744}"
EndProject
Global
	GlobalSection(SolutionConfigurationPlatforms) = preSolution
	Debug|Any CPU = Debug|Any CPU
	ExportDebug|Any CPU = ExportDebug|Any CPU
	ExportRelease|Any CPU = ExportRelease|Any CPU
	EndGlobalSection
	GlobalSection(ProjectConfigurationPlatforms) = postSolution
		{B9517E01-4DEF-4A14-B04B-D6E9E9175744}.Debug|Any CPU.ActiveCfg = Debug|Any CPU
		{B9517E01-4DEF-4A14-B04B-D6E9E9175744}.Debug|Any CPU.Build.0 = Debug|Any CPU
		{B9517E01-4DEF-4A14-B04B-D6E9E9175744}.ExportDebug|Any CPU.ActiveCfg = ExportDebug|Any CPU
		{B9517E01-4DEF-4A14-B04B-D6E9E9175744}.ExportDebug|Any CPU.Build.0 = ExportDebug|Any CPU
		{B9517E01-4DEF-4A14-B04B-D6E9E9175744}.ExportRelease|Any CPU.ActiveCfg = ExportRelease|Any CPU
		{B9517E01-4DEF-4A14-B04B-D6E9E9175744}.ExportRelease|Any CPU.Build.0 = ExportRelease|Any CPU
	EndGlobalSection
EndGlobal
